// !$*UTF8*$!
{
	archiveVersion = 1;
	classes = {
	};
	objectVersion = 56;
	objects = {

/* Begin PBXBuildFile section */
		73EF1E16B83A7CCFC463F571 /* Pods_lesson2.framework in Frameworks */ = {isa = PBXBuildFile; fileRef = 9236BFFE0DE8657B9AE1D0AD /* Pods_lesson2.framework */; };
		D128509C2BD5CB280033BFAE /* AppDelegate.swift in Sources */ = {isa = PBXBuildFile; fileRef = D128509B2BD5CB280033BFAE /* AppDelegate.swift */; };
		D128509E2BD5CB280033BFAE /* SceneDelegate.swift in Sources */ = {isa = PBXBuildFile; fileRef = D128509D2BD5CB280033BFAE /* SceneDelegate.swift */; };
		D12850A02BD5CB280033BFAE /* ViewController.swift in Sources */ = {isa = PBXBuildFile; fileRef = D128509F2BD5CB280033BFAE /* ViewController.swift */; };
		D12850A32BD5CB280033BFAE /* Main.storyboard in Resources */ = {isa = PBXBuildFile; fileRef = D12850A12BD5CB280033BFAE /* Main.storyboard */; };
		D12850A52BD5CB2A0033BFAE /* Assets.xcassets in Resources */ = {isa = PBXBuildFile; fileRef = D12850A42BD5CB2A0033BFAE /* Assets.xcassets */; };
		D12850A82BD5CB2A0033BFAE /* LaunchScreen.storyboard in Resources */ = {isa = PBXBuildFile; fileRef = D12850A62BD5CB2A0033BFAE /* LaunchScreen.storyboard */; };
/* End PBXBuildFile section */

/* Begin PBXFileReference section */
		2558BFA3C5E2FC7C7209919D /* Pods-lesson2.debug.xcconfig */ = {isa = PBXFileReference; includeInIndex = 1; lastKnownFileType = text.xcconfig; name = "Pods-lesson2.debug.xcconfig"; path = "Target Support Files/Pods-lesson2/Pods-lesson2.debug.xcconfig"; sourceTree = "<group>"; };
		628CA788AFA12FD1DB6F728B /* Pods-lesson2.release.xcconfig */ = {isa = PBXFileReference; includeInIndex = 1; lastKnownFileType = text.xcconfig; name = "Pods-lesson2.release.xcconfig"; path = "Target Support Files/Pods-lesson2/Pods-lesson2.release.xcconfig"; sourceTree = "<group>"; };
		9236BFFE0DE8657B9AE1D0AD /* Pods_lesson2.framework */ = {isa = PBXFileReference; explicitFileType = wrapper.framework; includeInIndex = 0; path = Pods_lesson2.framework; sourceTree = BUILT_PRODUCTS_DIR; };
		D12850982BD5CB280033BFAE /* lesson2.app */ = {isa = PBXFileReference; explicitFileType = wrapper.application; includeInIndex = 0; path = lesson2.app; sourceTree = BUILT_PRODUCTS_DIR; };
		D128509B2BD5CB280033BFAE /* AppDelegate.swift */ = {isa = PBXFileReference; lastKnownFileType = sourcecode.swift; path = AppDelegate.swift; sourceTree = "<group>"; };
		D128509D2BD5CB280033BFAE /* SceneDelegate.swift */ = {isa = PBXFileReference; lastKnownFileType = sourcecode.swift; path = SceneDelegate.swift; sourceTree = "<group>"; };
		D128509F2BD5CB280033BFAE /* ViewController.swift */ = {isa = PBXFileReference; lastKnownFileType = sourcecode.swift; path = ViewController.swift; sourceTree = "<group>"; };
		D12850A22BD5CB280033BFAE /* Base */ = {isa = PBXFileReference; lastKnownFileType = file.storyboard; name = Base; path = Base.lproj/Main.storyboard; sourceTree = "<group>"; };
		D12850A42BD5CB2A0033BFAE /* Assets.xcassets */ = {isa = PBXFileReference; lastKnownFileType = folder.assetcatalog; path = Assets.xcassets; sourceTree = "<group>"; };
		D12850A72BD5CB2A0033BFAE /* Base */ = {isa = PBXFileReference; lastKnownFileType = file.storyboard; name = Base; path = Base.lproj/LaunchScreen.storyboard; sourceTree = "<group>"; };
		D12850A92BD5CB2A0033BFAE /* Info.plist */ = {isa = PBXFileReference; lastKnownFileType = text.plist.xml; path = Info.plist; sourceTree = "<group>"; };
/* End PBXFileReference section */

/* Begin PBXFrameworksBuildPhase section */
		D12850952BD5CB280033BFAE /* Frameworks */ = {
			isa = PBXFrameworksBuildPhase;
			buildActionMask = 2147483647;
			files = (
				73EF1E16B83A7CCFC463F571 /* Pods_lesson2.framework in Frameworks */,
			);
			runOnlyForDeploymentPostprocessing = 0;
		};
/* End PBXFrameworksBuildPhase section */

/* Begin PBXGroup section */
		4FD2A959664C5B85A56132A5 /* Frameworks */ = {
			isa = PBXGroup;
			children = (
				9236BFFE0DE8657B9AE1D0AD /* Pods_lesson2.framework */,
			);
			name = Frameworks;
			sourceTree = "<group>";
		};
		527178B695FAD454D975DFFF /* Pods */ = {
			isa = PBXGroup;
			children = (
				2558BFA3C5E2FC7C7209919D /* Pods-lesson2.debug.xcconfig */,
				628CA788AFA12FD1DB6F728B /* Pods-lesson2.release.xcconfig */,
			);
			path = Pods;
			sourceTree = "<group>";
		};
		D128508F2BD5CB280033BFAE = {
			isa = PBXGroup;
			children = (
				D128509A2BD5CB280033BFAE /* lesson2 */,
				D12850992BD5CB280033BFAE /* Products */,
				527178B695FAD454D975DFFF /* Pods */,
				4FD2A959664C5B85A56132A5 /* Frameworks */,
			);
			sourceTree = "<group>";
		};
		D12850992BD5CB280033BFAE /* Products */ = {
			isa = PBXGroup;
			children = (
				D12850982BD5CB280033BFAE /* lesson2.app */,
			);
			name = Products;
			sourceTree = "<group>";
		};
		D128509A2BD5CB280033BFAE /* lesson2 */ = {
			isa = PBXGroup;
			children = (
				D128509B2BD5CB280033BFAE /* AppDelegate.swift */,
				D128509D2BD5CB280033BFAE /* SceneDelegate.swift */,
				D128509F2BD5CB280033BFAE /* ViewController.swift */,
				D12850A12BD5CB280033BFAE /* Main.storyboard */,
				D12850A42BD5CB2A0033BFAE /* Assets.xcassets */,
				D12850A62BD5CB2A0033BFAE /* LaunchScreen.storyboard */,
				D12850A92BD5CB2A0033BFAE /* Info.plist */,
			);
			path = lesson2;
			sourceTree = "<group>";
		};
/* End PBXGroup section */

/* Begin PBXNativeTarget section */
		D12850972BD5CB280033BFAE /* lesson2 */ = {
			isa = PBXNativeTarget;
			buildConfigurationList = D12850AC2BD5CB2A0033BFAE /* Build configuration list for PBXNativeTarget "lesson2" */;
			buildPhases = (
				94C73E0E4AC407F16ED797D0 /* [CP] Check Pods Manifest.lock */,
				D12850942BD5CB280033BFAE /* Sources */,
				D12850AF2BD5CC070033BFAE /* Swiftlint */,
				D12850952BD5CB280033BFAE /* Frameworks */,
				D12850962BD5CB280033BFAE /* Resources */,
			);
			buildRules = (
			);
			dependencies = (
			);
			name = lesson2;
			productName = lesson2;
			productReference = D12850982BD5CB280033BFAE /* lesson2.app */;
			productType = "com.apple.product-type.application";
		};
/* End PBXNativeTarget section */

/* Begin PBXProject section */
		D12850902BD5CB280033BFAE /* Project object */ = {
			isa = PBXProject;
			attributes = {
				BuildIndependentTargetsInParallel = 1;
				LastSwiftUpdateCheck = 1420;
				LastUpgradeCheck = 1420;
				TargetAttributes = {
					D12850972BD5CB280033BFAE = {
						CreatedOnToolsVersion = 14.2;
					};
				};
			};
			buildConfigurationList = D12850932BD5CB280033BFAE /* Build configuration list for PBXProject "lesson2" */;
			compatibilityVersion = "Xcode 14.0";
			developmentRegion = en;
			hasScannedForEncodings = 0;
			knownRegions = (
				en,
				Base,
			);
			mainGroup = D128508F2BD5CB280033BFAE;
			productRefGroup = D12850992BD5CB280033BFAE /* Products */;
			projectDirPath = "";
			projectRoot = "";
			targets = (
				D12850972BD5CB280033BFAE /* lesson2 */,
			);
		};
/* End PBXProject section */

/* Begin PBXResourcesBuildPhase section */
		D12850962BD5CB280033BFAE /* Resources */ = {
			isa = PBXResourcesBuildPhase;
			buildActionMask = 2147483647;
			files = (
				D12850A82BD5CB2A0033BFAE /* LaunchScreen.storyboard in Resources */,
				D12850A52BD5CB2A0033BFAE /* Assets.xcassets in Resources */,
				D12850A32BD5CB280033BFAE /* Main.storyboard in Resources */,
			);
			runOnlyForDeploymentPostprocessing = 0;
		};
/* End PBXResourcesBuildPhase section */

/* Begin PBXShellScriptBuildPhase section */
		94C73E0E4AC407F16ED797D0 /* [CP] Check Pods Manifest.lock */ = {
			isa = PBXShellScriptBuildPhase;
			buildActionMask = 2147483647;
			files = (
			);
			inputFileListPaths = (
			);
			inputPaths = (
				"${PODS_PODFILE_DIR_PATH}/Podfile.lock",
				"${PODS_ROOT}/Manifest.lock",
			);
			name = "[CP] Check Pods Manifest.lock";
			outputFileListPaths = (
			);
			outputPaths = (
				"$(DERIVED_FILE_DIR)/Pods-lesson2-checkManifestLockResult.txt",
			);
			runOnlyForDeploymentPostprocessing = 0;
			shellPath = /bin/sh;
			shellScript = "diff \"${PODS_PODFILE_DIR_PATH}/Podfile.lock\" \"${PODS_ROOT}/Manifest.lock\" > /dev/null\nif [ $? != 0 ] ; then\n    # print error to STDERR\n    echo \"error: The sandbox is not in sync with the Podfile.lock. Run 'pod install' or update your CocoaPods installation.\" >&2\n    exit 1\nfi\n# This output is used by Xcode 'outputs' to avoid re-running this script phase.\necho \"SUCCESS\" > \"${SCRIPT_OUTPUT_FILE_0}\"\n";
			showEnvVarsInLog = 0;
		};
		D12850AF2BD5CC070033BFAE /* Swiftlint */ = {
			isa = PBXShellScriptBuildPhase;
			buildActionMask = 2147483647;
			files = (
			);
			inputFileListPaths = (
			);
			inputPaths = (
			);
			name = Swiftlint;
			outputFileListPaths = (
			);
			outputPaths = (
			);
			runOnlyForDeploymentPostprocessing = 0;
			shellPath = /bin/sh;
			shellScript = "if [ \"${CONFIGURATION}\" = \"Debug\" ]; then\n        ${PODS_ROOT}/SwiftLint/swiftlint autocorrect\n        ${PODS_ROOT}/SwiftLint/swiftlint --config $SRCROOT/swiftlint.yml --strict\nfi\n";
		};
/* End PBXShellScriptBuildPhase section */

/* Begin PBXSourcesBuildPhase section */
		D12850942BD5CB280033BFAE /* Sources */ = {
			isa = PBXSourcesBuildPhase;
			buildActionMask = 2147483647;
			files = (
				D12850A02BD5CB280033BFAE /* ViewController.swift in Sources */,
				D128509C2BD5CB280033BFAE /* AppDelegate.swift in Sources */,
				D128509E2BD5CB280033BFAE /* SceneDelegate.swift in Sources */,
			);
			runOnlyForDeploymentPostprocessing = 0;
		};
/* End PBXSourcesBuildPhase section */

/* Begin PBXVariantGroup section */
		D12850A12BD5CB280033BFAE /* Main.storyboard */ = {
			isa = PBXVariantGroup;
			children = (
				D12850A22BD5CB280033BFAE /* Base */,
			);
			name = Main.storyboard;
			sourceTree = "<group>";
		};
		D12850A62BD5CB2A0033BFAE /* LaunchScreen.storyboard */ = {
			isa = PBXVariantGroup;
			children = (
				D12850A72BD5CB2A0033BFAE /* Base */,
			);
			name = LaunchScreen.storyboard;
			sourceTree = "<group>";
		};
/* End PBXVariantGroup section */

/* Begin XCBuildConfiguration section */
		D12850AA2BD5CB2A0033BFAE /* Debug */ = {
			isa = XCBuildConfiguration;
			buildSettings = {
				ALWAYS_SEARCH_USER_PATHS = NO;
				CLANG_ANALYZER_NONNULL = YES;
				CLANG_ANALYZER_NUMBER_OBJECT_CONVERSION = YES_AGGRESSIVE;
				CLANG_CXX_LANGUAGE_STANDARD = "gnu++20";
				CLANG_ENABLE_MODULES = YES;
				CLANG_ENABLE_OBJC_ARC = YES;
				CLANG_ENABLE_OBJC_WEAK = YES;
				CLANG_WARN_BLOCK_CAPTURE_AUTORELEASING = YES;
				CLANG_WARN_BOOL_CONVERSION = YES;
				CLANG_WARN_COMMA = YES;
				CLANG_WARN_CONSTANT_CONVERSION = YES;
				CLANG_WARN_DEPRECATED_OBJC_IMPLEMENTATIONS = YES;
				CLANG_WARN_DIRECT_OBJC_ISA_USAGE = YES_ERROR;
				CLANG_WARN_DOCUMENTATION_COMMENTS = YES;
				CLANG_WARN_EMPTY_BODY = YES;
				CLANG_WARN_ENUM_CONVERSION = YES;
				CLANG_WARN_INFINITE_RECURSION = YES;
				CLANG_WARN_INT_CONVERSION = YES;
				CLANG_WARN_NON_LITERAL_NULL_CONVERSION = YES;
				CLANG_WARN_OBJC_IMPLICIT_RETAIN_SELF = YES;
				CLANG_WARN_OBJC_LITERAL_CONVERSION = YES;
				CLANG_WARN_OBJC_ROOT_CLASS = YES_ERROR;
				CLANG_WARN_QUOTED_INCLUDE_IN_FRAMEWORK_HEADER = YES;
				CLANG_WARN_RANGE_LOOP_ANALYSIS = YES;
				CLANG_WARN_STRICT_PROTOTYPES = YES;
				CLANG_WARN_SUSPICIOUS_MOVE = YES;
				CLANG_WARN_UNGUARDED_AVAILABILITY = YES_AGGRESSIVE;
				CLANG_WARN_UNREACHABLE_CODE = YES;
				CLANG_WARN__DUPLICATE_METHOD_MATCH = YES;
				COPY_PHASE_STRIP = NO;
				DEBUG_INFORMATION_FORMAT = dwarf;
				ENABLE_STRICT_OBJC_MSGSEND = YES;
				ENABLE_TESTABILITY = YES;
				GCC_C_LANGUAGE_STANDARD = gnu11;
				GCC_DYNAMIC_NO_PIC = NO;
				GCC_NO_COMMON_BLOCKS = YES;
				GCC_OPTIMIZATION_LEVEL = 0;
				GCC_PREPROCESSOR_DEFINITIONS = (
					"DEBUG=1",
					"$(inherited)",
				);
				GCC_WARN_64_TO_32_BIT_CONVERSION = YES;
				GCC_WARN_ABOUT_RETURN_TYPE = YES_ERROR;
				GCC_WARN_UNDECLARED_SELECTOR = YES;
				GCC_WARN_UNINITIALIZED_AUTOS = YES_AGGRESSIVE;
				GCC_WARN_UNUSED_FUNCTION = YES;
				GCC_WARN_UNUSED_VARIABLE = YES;
				IPHONEOS_DEPLOYMENT_TARGET = 16.2;
				MTL_ENABLE_DEBUG_INFO = INCLUDE_SOURCE;
				MTL_FAST_MATH = YES;
				ONLY_ACTIVE_ARCH = YES;
				SDKROOT = iphoneos;
				SWIFT_ACTIVE_COMPILATION_CONDITIONS = DEBUG;
				SWIFT_OPTIMIZATION_LEVEL = "-Onone";
			};
			name = Debug;
		};
		D12850AB2BD5CB2A0033BFAE /* Release */ = {
			isa = XCBuildConfiguration;
			buildSettings = {
				ALWAYS_SEARCH_USER_PATHS = NO;
				CLANG_ANALYZER_NONNULL = YES;
				CLANG_ANALYZER_NUMBER_OBJECT_CONVERSION = YES_AGGRESSIVE;
				CLANG_CXX_LANGUAGE_STANDARD = "gnu++20";
				CLANG_ENABLE_MODULES = YES;
				CLANG_ENABLE_OBJC_ARC = YES;
				CLANG_ENABLE_OBJC_WEAK = YES;
				CLANG_WARN_BLOCK_CAPTURE_AUTORELEASING = YES;
				CLANG_WARN_BOOL_CONVERSION = YES;
				CLANG_WARN_COMMA = YES;
				CLANG_WARN_CONSTANT_CONVERSION = YES;
				CLANG_WARN_DEPRECATED_OBJC_IMPLEMENTATIONS = YES;
				CLANG_WARN_DIRECT_OBJC_ISA_USAGE = YES_ERROR;
				CLANG_WARN_DOCUMENTATION_COMMENTS = YES;
				CLANG_WARN_EMPTY_BODY = YES;
				CLANG_WARN_ENUM_CONVERSION = YES;
				CLANG_WARN_INFINITE_RECURSION = YES;
				CLANG_WARN_INT_CONVERSION = YES;
				CLANG_WARN_NON_LITERAL_NULL_CONVERSION = YES;
				CLANG_WARN_OBJC_IMPLICIT_RETAIN_SELF = YES;
				CLANG_WARN_OBJC_LITERAL_CONVERSION = YES;
				CLANG_WARN_OBJC_ROOT_CLASS = YES_ERROR;
				CLANG_WARN_QUOTED_INCLUDE_IN_FRAMEWORK_HEADER = YES;
				CLANG_WARN_RANGE_LOOP_ANALYSIS = YES;
				CLANG_WARN_STRICT_PROTOTYPES = YES;
				CLANG_WARN_SUSPICIOUS_MOVE = YES;
				CLANG_WARN_UNGUARDED_AVAILABILITY = YES_AGGRESSIVE;
				CLANG_WARN_UNREACHABLE_CODE = YES;
				CLANG_WARN__DUPLICATE_METHOD_MATCH = YES;
				COPY_PHASE_STRIP = NO;
				DEBUG_INFORMATION_FORMAT = "dwarf-with-dsym";
				ENABLE_NS_ASSERTIONS = NO;
				ENABLE_STRICT_OBJC_MSGSEND = YES;
				GCC_C_LANGUAGE_STANDARD = gnu11;
				GCC_NO_COMMON_BLOCKS = YES;
				GCC_WARN_64_TO_32_BIT_CONVERSION = YES;
				GCC_WARN_ABOUT_RETURN_TYPE = YES_ERROR;
				GCC_WARN_UNDECLARED_SELECTOR = YES;
				GCC_WARN_UNINITIALIZED_AUTOS = YES_AGGRESSIVE;
				GCC_WARN_UNUSED_FUNCTION = YES;
				GCC_WARN_UNUSED_VARIABLE = YES;
				IPHONEOS_DEPLOYMENT_TARGET = 16.2;
				MTL_ENABLE_DEBUG_INFO = NO;
				MTL_FAST_MATH = YES;
				SDKROOT = iphoneos;
				SWIFT_COMPILATION_MODE = wholemodule;
				SWIFT_OPTIMIZATION_LEVEL = "-O";
				VALIDATE_PRODUCT = YES;
			};
			name = Release;
		};
		D12850AD2BD5CB2A0033BFAE /* Debug */ = {
			isa = XCBuildConfiguration;
			baseConfigurationReference = 2558BFA3C5E2FC7C7209919D /* Pods-lesson2.debug.xcconfig */;
			buildSettings = {
				ASSETCATALOG_COMPILER_APPICON_NAME = AppIcon;
				ASSETCATALOG_COMPILER_GLOBAL_ACCENT_COLOR_NAME = AccentColor;
				CODE_SIGN_STYLE = Automatic;
				CURRENT_PROJECT_VERSION = 1;
				GENERATE_INFOPLIST_FILE = YES;
				INFOPLIST_FILE = lesson2/Info.plist;
				INFOPLIST_KEY_UIApplicationSupportsIndirectInputEvents = YES;
				INFOPLIST_KEY_UILaunchStoryboardName = LaunchScreen;
				INFOPLIST_KEY_UIMainStoryboardFile = Main;
				INFOPLIST_KEY_UISupportedInterfaceOrientations_iPad = "UIInterfaceOrientationPortrait UIInterfaceOrientationPortraitUpsideDown UIInterfaceOrientationLandscapeLeft UIInterfaceOrientationLandscapeRight";
				INFOPLIST_KEY_UISupportedInterfaceOrientations_iPhone = "UIInterfaceOrientationPortrait UIInterfaceOrientationLandscapeLeft UIInterfaceOrientationLandscapeRight";
				LD_RUNPATH_SEARCH_PATHS = (
					"$(inherited)",
					"@executable_path/Frameworks",
				);
				MARKETING_VERSION = 1.0;
				PRODUCT_BUNDLE_IDENTIFIER = test.lesson2;
				PRODUCT_NAME = "$(TARGET_NAME)";
				SWIFT_EMIT_LOC_STRINGS = YES;
				SWIFT_VERSION = 5.0;
				TARGETED_DEVICE_FAMILY = "1,2";
			};
			name = Debug;
		};
		D12850AE2BD5CB2A0033BFAE /* Release */ = {
			isa = XCBuildConfiguration;
			baseConfigurationReference = 628CA788AFA12FD1DB6F728B /* Pods-lesson2.release.xcconfig */;
			buildSettings = {
				ASSETCATALOG_COMPILER_APPICON_NAME = AppIcon;
				ASSETCATALOG_COMPILER_GLOBAL_ACCENT_COLOR_NAME = AccentColor;
				CODE_SIGN_STYLE = Automatic;
				CURRENT_PROJECT_VERSION = 1;
				GENERATE_INFOPLIST_FILE = YES;
				INFOPLIST_FILE = lesson2/Info.plist;
				INFOPLIST_KEY_UIApplicationSupportsIndirectInputEvents = YES;
				INFOPLIST_KEY_UILaunchStoryboardName = LaunchScreen;
				INFOPLIST_KEY_UIMainStoryboardFile = Main;
				INFOPLIST_KEY_UISupportedInterfaceOrientations_iPad = "UIInterfaceOrientationPortrait UIInterfaceOrientationPortraitUpsideDown UIInterfaceOrientationLandscapeLeft UIInterfaceOrientationLandscapeRight";
				INFOPLIST_KEY_UISupportedInterfaceOrientations_iPhone = "UIInterfaceOrientationPortrait UIInterfaceOrientationLandscapeLeft UIInterfaceOrientationLandscapeRight";
				LD_RUNPATH_SEARCH_PATHS = (
					"$(inherited)",
					"@executable_path/Frameworks",
				);
				MARKETING_VERSION = 1.0;
				PRODUCT_BUNDLE_IDENTIFIER = test.lesson2;
				PRODUCT_NAME = "$(TARGET_NAME)";
				SWIFT_EMIT_LOC_STRINGS = YES;
				SWIFT_VERSION = 5.0;
				TARGETED_DEVICE_FAMILY = "1,2";
			};
			name = Release;
		};
/* End XCBuildConfiguration section */

/* Begin XCConfigurationList section */
		D12850932BD5CB280033BFAE /* Build configuration list for PBXProject "lesson2" */ = {
			isa = XCConfigurationList;
			buildConfigurations = (
				D12850AA2BD5CB2A0033BFAE /* Debug */,
				D12850AB2BD5CB2A0033BFAE /* Release */,
			);
			defaultConfigurationIsVisible = 0;
			defaultConfigurationName = Release;
		};
		D12850AC2BD5CB2A0033BFAE /* Build configuration list for PBXNativeTarget "lesson2" */ = {
			isa = XCConfigurationList;
			buildConfigurations = (
				D12850AD2BD5CB2A0033BFAE /* Debug */,
				D12850AE2BD5CB2A0033BFAE /* Release */,
			);
			defaultConfigurationIsVisible = 0;
			defaultConfigurationName = Release;
		};
/* End XCConfigurationList section */
	};
	rootObject = D12850902BD5CB280033BFAE /* Project object */;
}
